PODS:
  - SDWebImage (5.8.1):
    - SDWebImage/Core (= 5.8.1)
  - SDWebImage/Core (5.8.1)

DEPENDENCIES:
  - SDWebImage (~> 5.0)

SPEC REPOS:
  trunk:
    - SDWebImage

SPEC CHECKSUMS:
  SDWebImage: e3eae2eda88578db0685a0c88597fdadd9433f05

PODFILE CHECKSUM: d776e864c01efbafe270a895f964f7ab7296d8fa

COCOAPODS: 1.9.1
